
Microsoft Visual Studio Solution File, Format Version 12.00
# Visual Studio 15
VisualStudioVersion = 15.0.28307.168
MinimumVisualStudioVersion = 10.0.40219.1
Project("{FAE04EC0-301F-11D3-BF4B-00C04F79EFBC}") = "CNC_Sender_GRBL", "CNC_Sender_GRBL\CNC_Sender_GRBL.csproj", "{83F5FCB1-BB2F-4DC2-8CA8-CA9EBDCC12F3}"
EndProject
Project("{FAE04EC0-301F-11D3-BF4B-00C04F79EFBC}") = "BLL_Sender_GRBL", "BLL_Sender_GRBL\BLL_Sender_GRBL.csproj", "{730CF832-E3CF-4352-9546-CE9D6AC77469}"
EndProject
Project("{FAE04EC0-301F-11D3-BF4B-00C04F79EFBC}") = "ENT_Sender_GRBL", "ENT_Sender_GRBL\ENT_Sender_GRBL.csproj", "{45C6C63C-82C0-4419-80AD-1CA1DD504B46}"
EndProject
Project("{FAE04EC0-301F-11D3-BF4B-00C04F79EFBC}") = "TestConsole", "TestConsole\TestConsole.csproj", "{900BF94B-6992-461D-A2F9-EB7535F6DD76}"
EndProject
Global
	GlobalSection(SolutionConfigurationPlatforms) = preSolution
		Debug|Any CPU = Debug|Any CPU
		Release|Any CPU = Release|Any CPU
	EndGlobalSection
	GlobalSection(ProjectConfigurationPlatforms) = postSolution
		{83F5FCB1-BB2F-4DC2-8CA8-CA9EBDCC12F3}.Debug|Any CPU.ActiveCfg = Debug|Any CPU
		{83F5FCB1-BB2F-4DC2-8CA8-CA9EBDCC12F3}.Debug|Any CPU.Build.0 = Debug|Any CPU
		{83F5FCB1-BB2F-4DC2-8CA8-CA9EBDCC12F3}.Release|Any CPU.ActiveCfg = Release|Any CPU
		{83F5FCB1-BB2F-4DC2-8CA8-CA9EBDCC12F3}.Release|Any CPU.Build.0 = Release|Any CPU
		{730CF832-E3CF-4352-9546-CE9D6AC77469}.Debug|Any CPU.ActiveCfg = Debug|Any CPU
		{730CF832-E3CF-4352-9546-CE9D6AC77469}.Debug|Any CPU.Build.0 = Debug|Any CPU
		{730CF832-E3CF-4352-9546-CE9D6AC77469}.Release|Any CPU.ActiveCfg = Release|Any CPU
		{730CF832-E3CF-4352-9546-CE9D6AC77469}.Release|Any CPU.Build.0 = Release|Any CPU
		{45C6C63C-82C0-4419-80AD-1CA1DD504B46}.Debug|Any CPU.ActiveCfg = Debug|Any CPU
		{45C6C63C-82C0-4419-80AD-1CA1DD504B46}.Debug|Any CPU.Build.0 = Debug|Any CPU
		{45C6C63C-82C0-4419-80AD-1CA1DD504B46}.Release|Any CPU.ActiveCfg = Release|Any CPU
		{45C6C63C-82C0-4419-80AD-1CA1DD504B46}.Release|Any CPU.Build.0 = Release|Any CPU
		{900BF94B-6992-461D-A2F9-EB7535F6DD76}.Debug|Any CPU.ActiveCfg = Debug|Any CPU
		{900BF94B-6992-461D-A2F9-EB7535F6DD76}.Debug|Any CPU.Build.0 = Debug|Any CPU
		{900BF94B-6992-461D-A2F9-EB7535F6DD76}.Release|Any CPU.ActiveCfg = Release|Any CPU
		{900BF94B-6992-461D-A2F9-EB7535F6DD76}.Release|Any CPU.Build.0 = Release|Any CPU
	EndGlobalSection
	GlobalSection(SolutionProperties) = preSolution
		HideSolutionNode = FALSE
	EndGlobalSection
	GlobalSection(ExtensibilityGlobals) = postSolution
		SolutionGuid = {0C97C781-1ED3-49B2-941A-969D4524B5D1}
	EndGlobalSection
	GlobalSection(MonoDevelopProperties) = preSolution
		description = Basic Gcode generator for Plasma Cut
		version = 1.0
	EndGlobalSection
EndGlobal
